// !$*UTF8*$!
{
	archiveVersion = 1;
	classes = {
	};
	objectVersion = 46;
	objects = {

/* Begin PBXBuildFile section */
		1EE540281CF7275000B47B79 /* ConflictResolutionVC.m in Sources */ = {isa = PBXBuildFile; fileRef = 1EE540271CF7275000B47B79 /* ConflictResolutionVC.m */; };
		1EE5402B1CF7285400B47B79 /* ConflictVersionVC.m in Sources */ = {isa = PBXBuildFile; fileRef = 1EE5402A1CF7285400B47B79 /* ConflictVersionVC.m */; };
		1EE5402E1CF72B7700B47B79 /* MasterTVC.m in Sources */ = {isa = PBXBuildFile; fileRef = 1EE5402D1CF72B7700B47B79 /* MasterTVC.m */; };
		1EE540311CF72B8D00B47B79 /* DetailVC.m in Sources */ = {isa = PBXBuildFile; fileRef = 1EE540301CF72B8D00B47B79 /* DetailVC.m */; };
		1EEE27A31CF5ECDB0060E8E2 /* main.m in Sources */ = {isa = PBXBuildFile; fileRef = 1EEE27A21CF5ECDB0060E8E2 /* main.m */; };
		1EEE27A61CF5ECDB0060E8E2 /* AppDelegate.m in Sources */ = {isa = PBXBuildFile; fileRef = 1EEE27A51CF5ECDB0060E8E2 /* AppDelegate.m */; };
		1EEE27AC1CF5ECDB0060E8E2 /* Main.storyboard in Resources */ = {isa = PBXBuildFile; fileRef = 1EEE27AA1CF5ECDB0060E8E2 /* Main.storyboard */; };
		1EEE27AE1CF5ECDB0060E8E2 /* Assets.xcassets in Resources */ = {isa = PBXBuildFile; fileRef = 1EEE27AD1CF5ECDB0060E8E2 /* Assets.xcassets */; };
		1EEE27B11CF5ECDB0060E8E2 /* LaunchScreen.storyboard in Resources */ = {isa = PBXBuildFile; fileRef = 1EEE27AF1CF5ECDB0060E8E2 /* LaunchScreen.storyboard */; };
		1EEE27BD1CF5F02D0060E8E2 /* NoteDocument.m in Sources */ = {isa = PBXBuildFile; fileRef = 1EEE27BC1CF5F02D0060E8E2 /* NoteDocument.m */; };
/* End PBXBuildFile section */

/* Begin PBXFileReference section */
		1EE540261CF7275000B47B79 /* ConflictResolutionVC.h */ = {isa = PBXFileReference; fileEncoding = 4; lastKnownFileType = sourcecode.c.h; path = ConflictResolutionVC.h; sourceTree = "<group>"; };
		1EE540271CF7275000B47B79 /* ConflictResolutionVC.m */ = {isa = PBXFileReference; fileEncoding = 4; lastKnownFileType = sourcecode.c.objc; path = ConflictResolutionVC.m; sourceTree = "<group>"; };
		1EE540291CF7285400B47B79 /* ConflictVersionVC.h */ = {isa = PBXFileReference; fileEncoding = 4; lastKnownFileType = sourcecode.c.h; path = ConflictVersionVC.h; sourceTree = "<group>"; };
		1EE5402A1CF7285400B47B79 /* ConflictVersionVC.m */ = {isa = PBXFileReference; fileEncoding = 4; lastKnownFileType = sourcecode.c.objc; path = ConflictVersionVC.m; sourceTree = "<group>"; };
		1EE5402C1CF72B7700B47B79 /* MasterTVC.h */ = {isa = PBXFileReference; fileEncoding = 4; lastKnownFileType = sourcecode.c.h; path = MasterTVC.h; sourceTree = "<group>"; };
		1EE5402D1CF72B7700B47B79 /* MasterTVC.m */ = {isa = PBXFileReference; fileEncoding = 4; lastKnownFileType = sourcecode.c.objc; path = MasterTVC.m; sourceTree = "<group>"; };
		1EE5402F1CF72B8D00B47B79 /* DetailVC.h */ = {isa = PBXFileReference; fileEncoding = 4; lastKnownFileType = sourcecode.c.h; path = DetailVC.h; sourceTree = "<group>"; };
		1EE540301CF72B8D00B47B79 /* DetailVC.m */ = {isa = PBXFileReference; fileEncoding = 4; lastKnownFileType = sourcecode.c.objc; path = DetailVC.m; sourceTree = "<group>"; };
		1EEE279E1CF5ECDB0060E8E2 /* iCloudNotes-Chapter08.app */ = {isa = PBXFileReference; explicitFileType = wrapper.application; includeInIndex = 0; path = "iCloudNotes-Chapter08.app"; sourceTree = BUILT_PRODUCTS_DIR; };
		1EEE27A21CF5ECDB0060E8E2 /* main.m */ = {isa = PBXFileReference; lastKnownFileType = sourcecode.c.objc; path = main.m; sourceTree = "<group>"; };
		1EEE27A41CF5ECDB0060E8E2 /* AppDelegate.h */ = {isa = PBXFileReference; lastKnownFileType = sourcecode.c.h; path = AppDelegate.h; sourceTree = "<group>"; };
		1EEE27A51CF5ECDB0060E8E2 /* AppDelegate.m */ = {isa = PBXFileReference; lastKnownFileType = sourcecode.c.objc; path = AppDelegate.m; sourceTree = "<group>"; };
		1EEE27AB1CF5ECDB0060E8E2 /* Base */ = {isa = PBXFileReference; lastKnownFileType = file.storyboard; name = Base; path = Base.lproj/Main.storyboard; sourceTree = "<group>"; };
		1EEE27AD1CF5ECDB0060E8E2 /* Assets.xcassets */ = {isa = PBXFileReference; lastKnownFileType = folder.assetcatalog; path = Assets.xcassets; sourceTree = "<group>"; };
		1EEE27B01CF5ECDB0060E8E2 /* Base */ = {isa = PBXFileReference; lastKnownFileType = file.storyboard; name = Base; path = Base.lproj/LaunchScreen.storyboard; sourceTree = "<group>"; };
		1EEE27B21CF5ECDB0060E8E2 /* Info.plist */ = {isa = PBXFileReference; lastKnownFileType = text.plist.xml; path = Info.plist; sourceTree = "<group>"; };
		1EEE27B81CF5EDFD0060E8E2 /* iCloudNotes-Chapter08.entitlements */ = {isa = PBXFileReference; lastKnownFileType = text.xml; path = "iCloudNotes-Chapter08.entitlements"; sourceTree = "<group>"; };
		1EEE27BB1CF5F02D0060E8E2 /* NoteDocument.h */ = {isa = PBXFileReference; fileEncoding = 4; lastKnownFileType = sourcecode.c.h; path = NoteDocument.h; sourceTree = "<group>"; };
		1EEE27BC1CF5F02D0060E8E2 /* NoteDocument.m */ = {isa = PBXFileReference; fileEncoding = 4; lastKnownFileType = sourcecode.c.objc; path = NoteDocument.m; sourceTree = "<group>"; };
/* End PBXFileReference section */

/* Begin PBXFrameworksBuildPhase section */
		1EEE279B1CF5ECDB0060E8E2 /* Frameworks */ = {
			isa = PBXFrameworksBuildPhase;
			buildActionMask = 2147483647;
			files = (
			);
			runOnlyForDeploymentPostprocessing = 0;
		};
/* End PBXFrameworksBuildPhase section */

/* Begin PBXGroup section */
		1EEE27951CF5ECDB0060E8E2 = {
			isa = PBXGroup;
			children = (
				1EEE27A01CF5ECDB0060E8E2 /* iCloudNotes-Chapter08 */,
				1EEE279F1CF5ECDB0060E8E2 /* Products */,
			);
			sourceTree = "<group>";
		};
		1EEE279F1CF5ECDB0060E8E2 /* Products */ = {
			isa = PBXGroup;
			children = (
				1EEE279E1CF5ECDB0060E8E2 /* iCloudNotes-Chapter08.app */,
			);
			name = Products;
			sourceTree = "<group>";
		};
		1EEE27A01CF5ECDB0060E8E2 /* iCloudNotes-Chapter08 */ = {
			isa = PBXGroup;
			children = (
				1EEE27B81CF5EDFD0060E8E2 /* iCloudNotes-Chapter08.entitlements */,
				1EEE27A41CF5ECDB0060E8E2 /* AppDelegate.h */,
				1EEE27A51CF5ECDB0060E8E2 /* AppDelegate.m */,
				1EEE27AA1CF5ECDB0060E8E2 /* Main.storyboard */,
				1EE5402C1CF72B7700B47B79 /* MasterTVC.h */,
				1EE5402D1CF72B7700B47B79 /* MasterTVC.m */,
				1EE5402F1CF72B8D00B47B79 /* DetailVC.h */,
				1EE540301CF72B8D00B47B79 /* DetailVC.m */,
				1EEE27BB1CF5F02D0060E8E2 /* NoteDocument.h */,
				1EEE27BC1CF5F02D0060E8E2 /* NoteDocument.m */,
				1EE540261CF7275000B47B79 /* ConflictResolutionVC.h */,
				1EE540271CF7275000B47B79 /* ConflictResolutionVC.m */,
				1EE540291CF7285400B47B79 /* ConflictVersionVC.h */,
				1EE5402A1CF7285400B47B79 /* ConflictVersionVC.m */,
				1EEE27AD1CF5ECDB0060E8E2 /* Assets.xcassets */,
				1EEE27AF1CF5ECDB0060E8E2 /* LaunchScreen.storyboard */,
				1EEE27B21CF5ECDB0060E8E2 /* Info.plist */,
				1EEE27A11CF5ECDB0060E8E2 /* Supporting Files */,
			);
			path = "iCloudNotes-Chapter08";
			sourceTree = "<group>";
		};
		1EEE27A11CF5ECDB0060E8E2 /* Supporting Files */ = {
			isa = PBXGroup;
			children = (
				1EEE27A21CF5ECDB0060E8E2 /* main.m */,
			);
			name = "Supporting Files";
			sourceTree = "<group>";
		};
/* End PBXGroup section */

/* Begin PBXNativeTarget section */
		1EEE279D1CF5ECDB0060E8E2 /* iCloudNotes-Chapter08 */ = {
			isa = PBXNativeTarget;
			buildConfigurationList = 1EEE27B51CF5ECDB0060E8E2 /* Build configuration list for PBXNativeTarget "iCloudNotes-Chapter08" */;
			buildPhases = (
				1EEE279A1CF5ECDB0060E8E2 /* Sources */,
				1EEE279B1CF5ECDB0060E8E2 /* Frameworks */,
				1EEE279C1CF5ECDB0060E8E2 /* Resources */,
			);
			buildRules = (
			);
			dependencies = (
			);
			name = "iCloudNotes-Chapter08";
			productName = "iCloudNotes-Chapter08";
			productReference = 1EEE279E1CF5ECDB0060E8E2 /* iCloudNotes-Chapter08.app */;
			productType = "com.apple.product-type.application";
		};
/* End PBXNativeTarget section */

/* Begin PBXProject section */
		1EEE27961CF5ECDB0060E8E2 /* Project object */ = {
			isa = PBXProject;
			attributes = {
				LastUpgradeCheck = 0720;
				ORGANIZATIONNAME = ZhangBaoGuo;
				TargetAttributes = {
					1EEE279D1CF5ECDB0060E8E2 = {
						CreatedOnToolsVersion = 7.2;
						DevelopmentTeam = 9R3WHNFTF3;
						SystemCapabilities = {
							com.apple.iCloud = {
								enabled = 1;
							};
						};
					};
				};
			};
			buildConfigurationList = 1EEE27991CF5ECDB0060E8E2 /* Build configuration list for PBXProject "iCloudNotes-Chapter08" */;
			compatibilityVersion = "Xcode 3.2";
			developmentRegion = English;
			hasScannedForEncodings = 0;
			knownRegions = (
				en,
				Base,
			);
			mainGroup = 1EEE27951CF5ECDB0060E8E2;
			productRefGroup = 1EEE279F1CF5ECDB0060E8E2 /* Products */;
			projectDirPath = "";
			projectRoot = "";
			targets = (
				1EEE279D1CF5ECDB0060E8E2 /* iCloudNotes-Chapter08 */,
			);
		};
/* End PBXProject section */

/* Begin PBXResourcesBuildPhase section */
		1EEE279C1CF5ECDB0060E8E2 /* Resources */ = {
			isa = PBXResourcesBuildPhase;
			buildActionMask = 2147483647;
			files = (
				1EEE27B11CF5ECDB0060E8E2 /* LaunchScreen.storyboard in Resources */,
				1EEE27AE1CF5ECDB0060E8E2 /* Assets.xcassets in Resources */,
				1EEE27AC1CF5ECDB0060E8E2 /* Main.storyboard in Resources */,
			);
			runOnlyForDeploymentPostprocessing = 0;
		};
/* End PBXResourcesBuildPhase section */

/* Begin PBXSourcesBuildPhase section */
		1EEE279A1CF5ECDB0060E8E2 /* Sources */ = {
			isa = PBXSourcesBuildPhase;
			buildActionMask = 2147483647;
			files = (
				1EE540281CF7275000B47B79 /* ConflictResolutionVC.m in Sources */,
				1EE5402B1CF7285400B47B79 /* ConflictVersionVC.m in Sources */,
				1EEE27BD1CF5F02D0060E8E2 /* NoteDocument.m in Sources */,
				1EE540311CF72B8D00B47B79 /* DetailVC.m in Sources */,
				1EE5402E1CF72B7700B47B79 /* MasterTVC.m in Sources */,
				1EEE27A61CF5ECDB0060E8E2 /* AppDelegate.m in Sources */,
				1EEE27A31CF5ECDB0060E8E2 /* main.m in Sources */,
			);
			runOnlyForDeploymentPostprocessing = 0;
		};
/* End PBXSourcesBuildPhase section */

/* Begin PBXVariantGroup section */
		1EEE27AA1CF5ECDB0060E8E2 /* Main.storyboard */ = {
			isa = PBXVariantGroup;
			children = (
				1EEE27AB1CF5ECDB0060E8E2 /* Base */,
			);
			name = Main.storyboard;
			sourceTree = "<group>";
		};
		1EEE27AF1CF5ECDB0060E8E2 /* LaunchScreen.storyboard */ = {
			isa = PBXVariantGroup;
			children = (
				1EEE27B01CF5ECDB0060E8E2 /* Base */,
			);
			name = LaunchScreen.storyboard;
			sourceTree = "<group>";
		};
/* End PBXVariantGroup section */

/* Begin XCBuildConfiguration section */
		1EEE27B31CF5ECDB0060E8E2 /* Debug */ = {
			isa = XCBuildConfiguration;
			buildSettings = {
				ALWAYS_SEARCH_USER_PATHS = NO;
				CLANG_CXX_LANGUAGE_STANDARD = "gnu++0x";
				CLANG_CXX_LIBRARY = "libc++";
				CLANG_ENABLE_MODULES = YES;
				CLANG_ENABLE_OBJC_ARC = YES;
				CLANG_WARN_BOOL_CONVERSION = YES;
				CLANG_WARN_CONSTANT_CONVERSION = YES;
				CLANG_WARN_DIRECT_OBJC_ISA_USAGE = YES_ERROR;
				CLANG_WARN_EMPTY_BODY = YES;
				CLANG_WARN_ENUM_CONVERSION = YES;
				CLANG_WARN_INT_CONVERSION = YES;
				CLANG_WARN_OBJC_ROOT_CLASS = YES_ERROR;
				CLANG_WARN_UNREACHABLE_CODE = YES;
				CLANG_WARN__DUPLICATE_METHOD_MATCH = YES;
				"CODE_SIGN_IDENTITY[sdk=iphoneos*]" = "iPhone Developer";
				COPY_PHASE_STRIP = NO;
				DEBUG_INFORMATION_FORMAT = dwarf;
				ENABLE_STRICT_OBJC_MSGSEND = YES;
				ENABLE_TESTABILITY = YES;
				GCC_C_LANGUAGE_STANDARD = gnu99;
				GCC_DYNAMIC_NO_PIC = NO;
				GCC_NO_COMMON_BLOCKS = YES;
				GCC_OPTIMIZATION_LEVEL = 0;
				GCC_PREPROCESSOR_DEFINITIONS = (
					"DEBUG=1",
					"$(inherited)",
				);
				GCC_WARN_64_TO_32_BIT_CONVERSION = YES;
				GCC_WARN_ABOUT_RETURN_TYPE = YES_ERROR;
				GCC_WARN_UNDECLARED_SELECTOR = YES;
				GCC_WARN_UNINITIALIZED_AUTOS = YES_AGGRESSIVE;
				GCC_WARN_UNUSED_FUNCTION = YES;
				GCC_WARN_UNUSED_VARIABLE = YES;
				IPHONEOS_DEPLOYMENT_TARGET = 9.2;
				MTL_ENABLE_DEBUG_INFO = YES;
				ONLY_ACTIVE_ARCH = YES;
				SDKROOT = iphoneos;
				TARGETED_DEVICE_FAMILY = "1,2";
			};
			name = Debug;
		};
		1EEE27B41CF5ECDB0060E8E2 /* Release */ = {
			isa = XCBuildConfiguration;
			buildSettings = {
				ALWAYS_SEARCH_USER_PATHS = NO;
				CLANG_CXX_LANGUAGE_STANDARD = "gnu++0x";
				CLANG_CXX_LIBRARY = "libc++";
				CLANG_ENABLE_MODULES = YES;
				CLANG_ENABLE_OBJC_ARC = YES;
				CLANG_WARN_BOOL_CONVERSION = YES;
				CLANG_WARN_CONSTANT_CONVERSION = YES;
				CLANG_WARN_DIRECT_OBJC_ISA_USAGE = YES_ERROR;
				CLANG_WARN_EMPTY_BODY = YES;
				CLANG_WARN_ENUM_CONVERSION = YES;
				CLANG_WARN_INT_CONVERSION = YES;
				CLANG_WARN_OBJC_ROOT_CLASS = YES_ERROR;
				CLANG_WARN_UNREACHABLE_CODE = YES;
				CLANG_WARN__DUPLICATE_METHOD_MATCH = YES;
				"CODE_SIGN_IDENTITY[sdk=iphoneos*]" = "iPhone Developer";
				COPY_PHASE_STRIP = NO;
				DEBUG_INFORMATION_FORMAT = "dwarf-with-dsym";
				ENABLE_NS_ASSERTIONS = NO;
				ENABLE_STRICT_OBJC_MSGSEND = YES;
				GCC_C_LANGUAGE_STANDARD = gnu99;
				GCC_NO_COMMON_BLOCKS = YES;
				GCC_WARN_64_TO_32_BIT_CONVERSION = YES;
				GCC_WARN_ABOUT_RETURN_TYPE = YES_ERROR;
				GCC_WARN_UNDECLARED_SELECTOR = YES;
				GCC_WARN_UNINITIALIZED_AUTOS = YES_AGGRESSIVE;
				GCC_WARN_UNUSED_FUNCTION = YES;
				GCC_WARN_UNUSED_VARIABLE = YES;
				IPHONEOS_DEPLOYMENT_TARGET = 9.2;
				MTL_ENABLE_DEBUG_INFO = NO;
				SDKROOT = iphoneos;
				TARGETED_DEVICE_FAMILY = "1,2";
				VALIDATE_PRODUCT = YES;
			};
			name = Release;
		};
		1EEE27B61CF5ECDB0060E8E2 /* Debug */ = {
			isa = XCBuildConfiguration;
			buildSettings = {
				ASSETCATALOG_COMPILER_APPICON_NAME = AppIcon;
				CODE_SIGN_ENTITLEMENTS = "iCloudNotes-Chapter08/iCloudNotes-Chapter08.entitlements";
				CODE_SIGN_IDENTITY = "iPhone Developer";
				"CODE_SIGN_IDENTITY[sdk=iphoneos*]" = "iPhone Developer";
				INFOPLIST_FILE = "iCloudNotes-Chapter08/Info.plist";
				IPHONEOS_DEPLOYMENT_TARGET = 8.0;
				LD_RUNPATH_SEARCH_PATHS = "$(inherited) @executable_path/Frameworks";
				PRODUCT_BUNDLE_IDENTIFIER = "com.ZhangBaoGuo.iCloudNotes-Chapter08";
				PRODUCT_NAME = "$(TARGET_NAME)";
				PROVISIONING_PROFILE = "";
			};
			name = Debug;
		};
		1EEE27B71CF5ECDB0060E8E2 /* Release */ = {
			isa = XCBuildConfiguration;
			buildSettings = {
				ASSETCATALOG_COMPILER_APPICON_NAME = AppIcon;
				CODE_SIGN_ENTITLEMENTS = "iCloudNotes-Chapter08/iCloudNotes-Chapter08.entitlements";
				CODE_SIGN_IDENTITY = "iPhone Developer";
				"CODE_SIGN_IDENTITY[sdk=iphoneos*]" = "iPhone Developer";
				INFOPLIST_FILE = "iCloudNotes-Chapter08/Info.plist";
				IPHONEOS_DEPLOYMENT_TARGET = 8.0;
				LD_RUNPATH_SEARCH_PATHS = "$(inherited) @executable_path/Frameworks";
				PRODUCT_BUNDLE_IDENTIFIER = "com.ZhangBaoGuo.iCloudNotes-Chapter08";
				PRODUCT_NAME = "$(TARGET_NAME)";
				PROVISIONING_PROFILE = "";
			};
			name = Release;
		};
/* End XCBuildConfiguration section */

/* Begin XCConfigurationList section */
		1EEE27991CF5ECDB0060E8E2 /* Build configuration list for PBXProject "iCloudNotes-Chapter08" */ = {
			isa = XCConfigurationList;
			buildConfigurations = (
				1EEE27B31CF5ECDB0060E8E2 /* Debug */,
				1EEE27B41CF5ECDB0060E8E2 /* Release */,
			);
			defaultConfigurationIsVisible = 0;
			defaultConfigurationName = Release;
		};
		1EEE27B51CF5ECDB0060E8E2 /* Build configuration list for PBXNativeTarget "iCloudNotes-Chapter08" */ = {
			isa = XCConfigurationList;
			buildConfigurations = (
				1EEE27B61CF5ECDB0060E8E2 /* Debug */,
				1EEE27B71CF5ECDB0060E8E2 /* Release */,
			);
			defaultConfigurationIsVisible = 0;
			defaultConfigurationName = Release;
		};
/* End XCConfigurationList section */
	};
	rootObject = 1EEE27961CF5ECDB0060E8E2 /* Project object */;
}
